
Microsoft Visual Studio Solution File, Format Version 12.00
# Visual Studio 15
VisualStudioVersion = 15.0.27130.2010
MinimumVisualStudioVersion = 10.0.40219.1
Project("{FAE04EC0-301F-11D3-BF4B-00C04F79EFBC}") = "Composition", "Composition\Composition.csproj", "{6481A71B-C1FD-4DCF-A2E4-565C607DD3A5}"
EndProject
Global
	GlobalSection(SolutionConfigurationPlatforms) = preSolution
		Debug|Any CPU = Debug|Any CPU
		Release|Any CPU = Release|Any CPU
	EndGlobalSection
	GlobalSection(ProjectConfigurationPlatforms) = postSolution
		{6481A71B-C1FD-4DCF-A2E4-565C607DD3A5}.Debug|Any CPU.ActiveCfg = Debug|Any CPU
		{6481A71B-C1FD-4DCF-A2E4-565C607DD3A5}.Debug|Any CPU.Build.0 = Debug|Any CPU
		{6481A71B-C1FD-4DCF-A2E4-565C607DD3A5}.Release|Any CPU.ActiveCfg = Release|Any CPU
		{6481A71B-C1FD-4DCF-A2E4-565C607DD3A5}.Release|Any CPU.Build.0 = Release|Any CPU
	EndGlobalSection
	GlobalSection(SolutionProperties) = preSolution
		HideSolutionNode = FALSE
	EndGlobalSection
	GlobalSection(ExtensibilityGlobals) = postSolution
		SolutionGuid = {4C66CC44-77A1-4E81-8709-8F29014AAAE2}
	EndGlobalSection
EndGlobal
