
Microsoft Visual Studio Solution File, Format Version 12.00
# Visual Studio 15
VisualStudioVersion = 15.0.27004.2010
MinimumVisualStudioVersion = 10.0.40219.1
Project("{FAE04EC0-301F-11D3-BF4B-00C04F79EFBC}") = "CSharpIntermediate.Properties", "CSharpIntermediate.Properties\CSharpIntermediate.Properties.csproj", "{96DC22BF-0C7F-4A1F-AFE3-FAB6F4C12065}"
EndProject
Global
	GlobalSection(SolutionConfigurationPlatforms) = preSolution
		Debug|Any CPU = Debug|Any CPU
		Release|Any CPU = Release|Any CPU
	EndGlobalSection
	GlobalSection(ProjectConfigurationPlatforms) = postSolution
		{96DC22BF-0C7F-4A1F-AFE3-FAB6F4C12065}.Debug|Any CPU.ActiveCfg = Debug|Any CPU
		{96DC22BF-0C7F-4A1F-AFE3-FAB6F4C12065}.Debug|Any CPU.Build.0 = Debug|Any CPU
		{96DC22BF-0C7F-4A1F-AFE3-FAB6F4C12065}.Release|Any CPU.ActiveCfg = Release|Any CPU
		{96DC22BF-0C7F-4A1F-AFE3-FAB6F4C12065}.Release|Any CPU.Build.0 = Release|Any CPU
	EndGlobalSection
	GlobalSection(SolutionProperties) = preSolution
		HideSolutionNode = FALSE
	EndGlobalSection
	GlobalSection(ExtensibilityGlobals) = postSolution
		SolutionGuid = {B8560E08-B0B4-472B-9259-6E1B58438377}
	EndGlobalSection
EndGlobal
