
Microsoft Visual Studio Solution File, Format Version 12.00
# Visual Studio 15
VisualStudioVersion = 15.0.27004.2010
MinimumVisualStudioVersion = 10.0.40219.1
Project("{FAE04EC0-301F-11D3-BF4B-00C04F79EFBC}") = "Classes.Programs", "Classes.Programs\Classes.Programs.csproj", "{D1D702CB-898E-4C04-9D95-F807C83E695B}"
EndProject
Global
	GlobalSection(SolutionConfigurationPlatforms) = preSolution
		Debug|Any CPU = Debug|Any CPU
		Release|Any CPU = Release|Any CPU
	EndGlobalSection
	GlobalSection(ProjectConfigurationPlatforms) = postSolution
		{D1D702CB-898E-4C04-9D95-F807C83E695B}.Debug|Any CPU.ActiveCfg = Debug|Any CPU
		{D1D702CB-898E-4C04-9D95-F807C83E695B}.Debug|Any CPU.Build.0 = Debug|Any CPU
		{D1D702CB-898E-4C04-9D95-F807C83E695B}.Release|Any CPU.ActiveCfg = Release|Any CPU
		{D1D702CB-898E-4C04-9D95-F807C83E695B}.Release|Any CPU.Build.0 = Release|Any CPU
	EndGlobalSection
	GlobalSection(SolutionProperties) = preSolution
		HideSolutionNode = FALSE
	EndGlobalSection
	GlobalSection(ExtensibilityGlobals) = postSolution
		SolutionGuid = {C11510E2-8F70-4B83-B748-1C00CCB9919F}
	EndGlobalSection
EndGlobal
